
Microsoft Visual Studio Solution File, Format Version 12.00
# Visual Studio Version 17
VisualStudioVersion = 17.4.33110.190
MinimumVisualStudioVersion = 10.0.40219.1
Project("{FAE04EC0-301F-11D3-BF4B-00C04F79EFBC}") = "WeatherAPI", "WeatherAPI\WeatherAPI.csproj", "{EBC7D57F-C938-4BEF-9E40-C07DAE80F311}"
EndProject
Global
	GlobalSection(SolutionConfigurationPlatforms) = preSolution
		Debug|Any CPU = Debug|Any CPU
		Release|Any CPU = Release|Any CPU
	EndGlobalSection
	GlobalSection(ProjectConfigurationPlatforms) = postSolution
		{EBC7D57F-C938-4BEF-9E40-C07DAE80F311}.Debug|Any CPU.ActiveCfg = Debug|Any CPU
		{EBC7D57F-C938-4BEF-9E40-C07DAE80F311}.Debug|Any CPU.Build.0 = Debug|Any CPU
		{EBC7D57F-C938-4BEF-9E40-C07DAE80F311}.Release|Any CPU.ActiveCfg = Release|Any CPU
		{EBC7D57F-C938-4BEF-9E40-C07DAE80F311}.Release|Any CPU.Build.0 = Release|Any CPU
	EndGlobalSection
	GlobalSection(SolutionProperties) = preSolution
		HideSolutionNode = FALSE
	EndGlobalSection
	GlobalSection(ExtensibilityGlobals) = postSolution
		SolutionGuid = {A2CC5469-F6E3-4463-B60C-E9D9D5B1CB9F}
	EndGlobalSection
EndGlobal
